
Microsoft Visual Studio Solution File, Format Version 12.00
# Visual Studio Version 17
VisualStudioVersion = 17.10.35013.160
MinimumVisualStudioVersion = 10.0.40219.1
Project("{FAE04EC0-301F-11D3-BF4B-00C04F79EFBC}") = "Calculator.UI", "Calculator.UI\Calculator.UI.csproj", "{A967D481-37AD-453D-B54F-D71FE721A12E}"
	ProjectSection(ProjectDependencies) = postProject
		{DD1D5F1E-3CC5-4925-92DB-5653642B86DE} = {DD1D5F1E-3CC5-4925-92DB-5653642B86DE}
	EndProjectSection
EndProject
Project("{9A19103F-16F7-4668-BE54-9A1E7A4F7556}") = "Calculator.Server.API", "Calculator.Server.API\Calculator.Server.API.csproj", "{50CDAC0B-F0F3-4D9C-B1D6-CB6A8C604F1B}"
	ProjectSection(ProjectDependencies) = postProject
		{DD1D5F1E-3CC5-4925-92DB-5653642B86DE} = {DD1D5F1E-3CC5-4925-92DB-5653642B86DE}
	EndProjectSection
EndProject
Project("{9A19103F-16F7-4668-BE54-9A1E7A4F7556}") = "Calculator.Data", "Calculator.Data\Calculator.Data.csproj", "{DD1D5F1E-3CC5-4925-92DB-5653642B86DE}"
EndProject
Global
	GlobalSection(SolutionConfigurationPlatforms) = preSolution
		Debug|Any CPU = Debug|Any CPU
		Release|Any CPU = Release|Any CPU
	EndGlobalSection
	GlobalSection(ProjectConfigurationPlatforms) = postSolution
		{A967D481-37AD-453D-B54F-D71FE721A12E}.Debug|Any CPU.ActiveCfg = Debug|Any CPU
		{A967D481-37AD-453D-B54F-D71FE721A12E}.Debug|Any CPU.Build.0 = Debug|Any CPU
		{A967D481-37AD-453D-B54F-D71FE721A12E}.Release|Any CPU.ActiveCfg = Release|Any CPU
		{A967D481-37AD-453D-B54F-D71FE721A12E}.Release|Any CPU.Build.0 = Release|Any CPU
		{50CDAC0B-F0F3-4D9C-B1D6-CB6A8C604F1B}.Debug|Any CPU.ActiveCfg = Debug|Any CPU
		{50CDAC0B-F0F3-4D9C-B1D6-CB6A8C604F1B}.Debug|Any CPU.Build.0 = Debug|Any CPU
		{50CDAC0B-F0F3-4D9C-B1D6-CB6A8C604F1B}.Release|Any CPU.ActiveCfg = Release|Any CPU
		{50CDAC0B-F0F3-4D9C-B1D6-CB6A8C604F1B}.Release|Any CPU.Build.0 = Release|Any CPU
		{DD1D5F1E-3CC5-4925-92DB-5653642B86DE}.Debug|Any CPU.ActiveCfg = Debug|Any CPU
		{DD1D5F1E-3CC5-4925-92DB-5653642B86DE}.Debug|Any CPU.Build.0 = Debug|Any CPU
		{DD1D5F1E-3CC5-4925-92DB-5653642B86DE}.Release|Any CPU.ActiveCfg = Release|Any CPU
		{DD1D5F1E-3CC5-4925-92DB-5653642B86DE}.Release|Any CPU.Build.0 = Release|Any CPU
	EndGlobalSection
	GlobalSection(SolutionProperties) = preSolution
		HideSolutionNode = FALSE
	EndGlobalSection
	GlobalSection(ExtensibilityGlobals) = postSolution
		SolutionGuid = {80AAD2FA-E3FA-471E-ADA7-C1B0F80EFCC9}
	EndGlobalSection
EndGlobal
